
Microsoft Visual Studio Solution File, Format Version 12.00
# Visual Studio 15
Project("{FAE04EC0-301F-11D3-BF4B-00C04F79EFBC}") = "Assembly-CSharp-Editor", "Assembly-CSharp-Editor.csproj", "{D5ABFF30-CF7A-69D1-B13B-F9F32CD08223}"
EndProject
Project("{FAE04EC0-301F-11D3-BF4B-00C04F79EFBC}") = "Assembly-CSharp", "Assembly-CSharp.csproj", "{D31A5B15-4851-08B4-E3FC-9139A6A357D8}"
EndProject
Global
	GlobalSection(SolutionConfigurationPlatforms) = preSolution
		Debug|Any CPU = Debug|Any CPU
		Release|Any CPU = Release|Any CPU
	EndGlobalSection
	GlobalSection(ProjectConfigurationPlatforms) = postSolution
		{D5ABFF30-CF7A-69D1-B13B-F9F32CD08223}.Debug|Any CPU.ActiveCfg = Debug|Any CPU
		{D5ABFF30-CF7A-69D1-B13B-F9F32CD08223}.Debug|Any CPU.Build.0 = Debug|Any CPU
		{D5ABFF30-CF7A-69D1-B13B-F9F32CD08223}.Release|Any CPU.ActiveCfg = Release|Any CPU
		{D5ABFF30-CF7A-69D1-B13B-F9F32CD08223}.Release|Any CPU.Build.0 = Release|Any CPU
		{D31A5B15-4851-08B4-E3FC-9139A6A357D8}.Debug|Any CPU.ActiveCfg = Debug|Any CPU
		{D31A5B15-4851-08B4-E3FC-9139A6A357D8}.Debug|Any CPU.Build.0 = Debug|Any CPU
		{D31A5B15-4851-08B4-E3FC-9139A6A357D8}.Release|Any CPU.ActiveCfg = Release|Any CPU
		{D31A5B15-4851-08B4-E3FC-9139A6A357D8}.Release|Any CPU.Build.0 = Release|Any CPU
	EndGlobalSection
	GlobalSection(SolutionProperties) = preSolution
		HideSolutionNode = FALSE
	EndGlobalSection
EndGlobal
